{
  "version": 4,
  "terraform_version": "1.1.5",
  "serial": 19,
  "lineage": "641c74d0-3601-15f1-862c-f4a616055021",
  "outputs": {},
  "resources": [
    {
      "mode": "managed",
      "type": "azurerm_app_service_custom_hostname_binding",
      "name": "res-29",
      "provider": "provider[\"registry.terraform.io/hashicorp/azurerm\"]",
      "instances": [
        {
          "schema_version": 0,
          "attributes": {
            "app_service_name": "func-crc-kb",
            "hostname": "func-crc-kb.azurewebsites.net",
            "id": "/subscriptions/17b273e9-f3d7-4d23-af84-4eded7c2b5d8/resourceGroups/rg-cloudresumechallenge-001/providers/Microsoft.Web/sites/func-crc-kb/hostNameBindings/func-crc-kb.azurewebsites.net",
            "resource_group_name": "rg-cloudresumechallenge-001",
            "ssl_state": "",
            "thumbprint": "",
            "timeouts": null,
            "virtual_ip": ""
          },
          "sensitive_attributes": [],
          "private": "eyJlMmJmYjczMC1lY2FhLTExZTYtOGY4OC0zNDM2M2JjN2M0YzAiOnsiY3JlYXRlIjoxODAwMDAwMDAwMDAwLCJkZWxldGUiOjE4MDAwMDAwMDAwMDAsInJlYWQiOjMwMDAwMDAwMDAwMCwidXBkYXRlIjoxODAwMDAwMDAwMDAwfSwic2NoZW1hX3ZlcnNpb24iOiIwIn0="
        }
      ]
    },
    {
      "mode": "managed",
      "type": "azurerm_cdn_endpoint",
      "name": "res-1",
      "provider": "provider[\"registry.terraform.io/hashicorp/azurerm\"]",
      "instances": [
        {
          "schema_version": 1,
          "attributes": {
            "content_types_to_compress": [
              "application/eot",
              "application/font",
              "application/font-sfnt",
              "application/javascript",
              "application/json",
              "application/opentype",
              "application/otf",
              "application/pkcs7-mime",
              "application/truetype",
              "application/ttf",
              "application/vnd.ms-fontobject",
              "application/x-font-opentype",
              "application/x-font-truetype",
              "application/x-font-ttf",
              "application/x-httpd-cgi",
              "application/x-javascript",
              "application/x-mpegurl",
              "application/x-opentype",
              "application/x-otf",
              "application/x-perl",
              "application/x-ttf",
              "application/xhtml+xml",
              "application/xml",
              "application/xml+rss",
              "font/eot",
              "font/opentype",
              "font/otf",
              "font/ttf",
              "image/svg+xml",
              "text/css",
              "text/csv",
              "text/html",
              "text/javascript",
              "text/js",
              "text/plain",
              "text/richtext",
              "text/tab-separated-values",
              "text/x-component",
              "text/x-java-source",
              "text/x-script",
              "text/xml"
            ],
            "delivery_rule": [],
            "fqdn": "crckb.azureedge.net",
            "geo_filter": [],
            "global_delivery_rule": [],
            "id": "/subscriptions/17b273e9-f3d7-4d23-af84-4eded7c2b5d8/resourceGroups/rg-cloudresumechallenge-001/providers/Microsoft.Cdn/profiles/cdn-crcprofile-001/endpoints/crckb",
            "is_compression_enabled": true,
            "is_http_allowed": true,
            "is_https_allowed": true,
            "location": "global",
            "name": "crckb",
            "optimization_type": "GeneralWebDelivery",
            "origin": [
              {
                "host_name": "stcloudresumechallenge.z1.web.core.windows.net",
                "http_port": 80,
                "https_port": 443,
                "name": "stcloudresumechallenge-z1-web-core-windows-net"
              }
            ],
            "origin_host_header": "stcloudresumechallenge.z1.web.core.windows.net",
            "origin_path": "",
            "probe_path": "",
            "profile_name": "cdn-crcprofile-001",
            "querystring_caching_behaviour": "IgnoreQueryString",
            "resource_group_name": "rg-cloudresumechallenge-001",
            "tags": {},
            "timeouts": null
          },
          "sensitive_attributes": [],
          "private": "eyJlMmJmYjczMC1lY2FhLTExZTYtOGY4OC0zNDM2M2JjN2M0YzAiOnsiY3JlYXRlIjoxODAwMDAwMDAwMDAwLCJkZWxldGUiOjE4MDAwMDAwMDAwMDAsInJlYWQiOjMwMDAwMDAwMDAwMCwidXBkYXRlIjoxODAwMDAwMDAwMDAwfSwic2NoZW1hX3ZlcnNpb24iOiIxIn0="
        }
      ]
    },
    {
      "mode": "managed",
      "type": "azurerm_cdn_profile",
      "name": "res-30",
      "provider": "provider[\"registry.terraform.io/hashicorp/azurerm\"]",
      "instances": [
        {
          "schema_version": 1,
          "attributes": {
            "id": "/subscriptions/17b273e9-f3d7-4d23-af84-4eded7c2b5d8/resourceGroups/rg-cloudresumechallenge-001/providers/Microsoft.Cdn/profiles/cdn-crcprofile-001",
            "location": "global",
            "name": "cdn-crcprofile-001",
            "resource_group_name": "rg-cloudresumechallenge-001",
            "sku": "Standard_Microsoft",
            "tags": {},
            "timeouts": null
          },
          "sensitive_attributes": [],
          "private": "eyJlMmJmYjczMC1lY2FhLTExZTYtOGY4OC0zNDM2M2JjN2M0YzAiOnsiY3JlYXRlIjoxODAwMDAwMDAwMDAwLCJkZWxldGUiOjE4MDAwMDAwMDAwMDAsInJlYWQiOjMwMDAwMDAwMDAwMCwidXBkYXRlIjoxODAwMDAwMDAwMDAwfSwic2NoZW1hX3ZlcnNpb24iOiIxIn0="
        }
      ]
    },
    {
      "mode": "managed",
      "type": "azurerm_cosmosdb_account",
      "name": "res-3",
      "provider": "provider[\"registry.terraform.io/hashicorp/azurerm\"]",
      "instances": [
        {
          "schema_version": 0,
          "attributes": {
            "access_key_metadata_writes_enabled": true,
            "analytical_storage": [
              {
                "schema_type": "WellDefined"
              }
            ],
            "analytical_storage_enabled": false,
            "backup": [
              {
                "interval_in_minutes": 240,
                "retention_in_hours": 8,
                "storage_redundancy": "Local",
                "type": "Periodic"
              }
            ],
            "capabilities": [
              {
                "name": "EnableServerless"
              }
            ],
            "capacity": [
              {
                "total_throughput_limit": 4000
              }
            ],
            "connection_strings": [
              "AccountEndpoint=https://cdb-crckb.documents.azure.com:443/;AccountKey=kpy8rkRoixHHQXnnb9bKIf0Y5qM2bjvE7dY66Muhr2bUYrgaNVoef8fvvkI6w8SzjhQGGNXmNt0uACDbmPDafg==;",
              "AccountEndpoint=https://cdb-crckb.documents.azure.com:443/;AccountKey=yS0elCVODONq5zA0ob7fEoPibCCy0Np3pfQjmI3QMUVhpG6RT0kka4TlXYbxZhhMrof6PKqu2MmcACDbN5Rknw==;",
              "AccountEndpoint=https://cdb-crckb.documents.azure.com:443/;AccountKey=Vxt1gkMWIv9CMXu82cygDw8855Yff2dHyN0r9NmrcPvJjN0iauIq973XNatT1vOxC8UbNFTkPy1oACDbCV2kig==;",
              "AccountEndpoint=https://cdb-crckb.documents.azure.com:443/;AccountKey=7WCe6xbjqsIIhnpNRzHj2ortAlG8xBI6y1SC4YinqX4WhULE1BtApRmEXzYBp8qRTRjCJwoMLWRfACDbJAm3Rg==;"
            ],
            "consistency_policy": [
              {
                "consistency_level": "Session",
                "max_interval_in_seconds": 5,
                "max_staleness_prefix": 100
              }
            ],
            "cors_rule": [],
            "create_mode": "",
            "default_identity_type": "FirstPartyIdentity",
            "enable_automatic_failover": false,
            "enable_free_tier": false,
            "enable_multiple_write_locations": false,
            "endpoint": "https://cdb-crckb.documents.azure.com:443/",
            "geo_location": [
              {
                "failover_priority": 0,
                "id": "cdb-crckb-switzerlandnorth",
                "location": "switzerlandnorth",
                "zone_redundant": false
              }
            ],
            "id": "/subscriptions/17b273e9-f3d7-4d23-af84-4eded7c2b5d8/resourceGroups/rg-cloudresumechallenge-001/providers/Microsoft.DocumentDB/databaseAccounts/cdb-crckb",
            "identity": [],
            "ip_range_filter": "",
            "is_virtual_network_filter_enabled": false,
            "key_vault_key_id": null,
            "kind": "GlobalDocumentDB",
            "local_authentication_disabled": false,
            "location": "switzerlandnorth",
            "mongo_server_version": null,
            "name": "cdb-crckb",
            "network_acl_bypass_for_azure_services": false,
            "network_acl_bypass_ids": [],
            "offer_type": "Standard",
            "primary_key": "kpy8rkRoixHHQXnnb9bKIf0Y5qM2bjvE7dY66Muhr2bUYrgaNVoef8fvvkI6w8SzjhQGGNXmNt0uACDbmPDafg==",
            "primary_mongodb_connection_string": null,
            "primary_readonly_key": "Vxt1gkMWIv9CMXu82cygDw8855Yff2dHyN0r9NmrcPvJjN0iauIq973XNatT1vOxC8UbNFTkPy1oACDbCV2kig==",
            "primary_readonly_mongodb_connection_string": null,
            "primary_readonly_sql_connection_string": "AccountEndpoint=https://cdb-crckb.documents.azure.com:443/;AccountKey=Vxt1gkMWIv9CMXu82cygDw8855Yff2dHyN0r9NmrcPvJjN0iauIq973XNatT1vOxC8UbNFTkPy1oACDbCV2kig==;",
            "primary_sql_connection_string": "AccountEndpoint=https://cdb-crckb.documents.azure.com:443/;AccountKey=kpy8rkRoixHHQXnnb9bKIf0Y5qM2bjvE7dY66Muhr2bUYrgaNVoef8fvvkI6w8SzjhQGGNXmNt0uACDbmPDafg==;",
            "public_network_access_enabled": true,
            "read_endpoints": [
              "https://cdb-crckb-switzerlandnorth.documents.azure.com:443/"
            ],
            "resource_group_name": "rg-cloudresumechallenge-001",
            "restore": [],
            "secondary_key": "yS0elCVODONq5zA0ob7fEoPibCCy0Np3pfQjmI3QMUVhpG6RT0kka4TlXYbxZhhMrof6PKqu2MmcACDbN5Rknw==",
            "secondary_mongodb_connection_string": null,
            "secondary_readonly_key": "7WCe6xbjqsIIhnpNRzHj2ortAlG8xBI6y1SC4YinqX4WhULE1BtApRmEXzYBp8qRTRjCJwoMLWRfACDbJAm3Rg==",
            "secondary_readonly_mongodb_connection_string": null,
            "secondary_readonly_sql_connection_string": "AccountEndpoint=https://cdb-crckb.documents.azure.com:443/;AccountKey=7WCe6xbjqsIIhnpNRzHj2ortAlG8xBI6y1SC4YinqX4WhULE1BtApRmEXzYBp8qRTRjCJwoMLWRfACDbJAm3Rg==;",
            "secondary_sql_connection_string": "AccountEndpoint=https://cdb-crckb.documents.azure.com:443/;AccountKey=yS0elCVODONq5zA0ob7fEoPibCCy0Np3pfQjmI3QMUVhpG6RT0kka4TlXYbxZhhMrof6PKqu2MmcACDbN5Rknw==;",
            "tags": {
              "defaultExperience": "Core (SQL)",
              "hidden-cosmos-mmspecial": ""
            },
            "timeouts": null,
            "virtual_network_rule": [],
            "write_endpoints": [
              "https://cdb-crckb-switzerlandnorth.documents.azure.com:443/"
            ]
          },
          "sensitive_attributes": [],
          "private": "eyJlMmJmYjczMC1lY2FhLTExZTYtOGY4OC0zNDM2M2JjN2M0YzAiOnsiY3JlYXRlIjoxMDgwMDAwMDAwMDAwMCwiZGVsZXRlIjoxMDgwMDAwMDAwMDAwMCwicmVhZCI6MzAwMDAwMDAwMDAwLCJ1cGRhdGUiOjEwODAwMDAwMDAwMDAwfSwic2NoZW1hX3ZlcnNpb24iOiIwIn0="
        }
      ]
    },
    {
      "mode": "managed",
      "type": "azurerm_cosmosdb_sql_container",
      "name": "res-5",
      "provider": "provider[\"registry.terraform.io/hashicorp/azurerm\"]",
      "instances": [
        {
          "schema_version": 1,
          "attributes": {
            "account_name": "cdb-crckb",
            "analytical_storage_ttl": null,
            "autoscale_settings": [],
            "conflict_resolution_policy": [
              {
                "conflict_resolution_path": "/_ts",
                "conflict_resolution_procedure": "",
                "mode": "LastWriterWins"
              }
            ],
            "database_name": "AzureResume",
            "default_ttl": null,
            "id": "/subscriptions/17b273e9-f3d7-4d23-af84-4eded7c2b5d8/resourceGroups/rg-cloudresumechallenge-001/providers/Microsoft.DocumentDB/databaseAccounts/cdb-crckb/sqlDatabases/AzureResume/containers/Counter",
            "indexing_policy": [
              {
                "composite_index": [],
                "excluded_path": [],
                "included_path": [
                  {
                    "path": "/*"
                  }
                ],
                "indexing_mode": "consistent",
                "spatial_index": []
              }
            ],
            "name": "Counter",
            "partition_key_path": "/id",
            "partition_key_version": 2,
            "resource_group_name": "rg-cloudresumechallenge-001",
            "throughput": null,
            "timeouts": null,
            "unique_key": []
          },
          "sensitive_attributes": [],
          "private": "eyJlMmJmYjczMC1lY2FhLTExZTYtOGY4OC0zNDM2M2JjN2M0YzAiOnsiY3JlYXRlIjoxODAwMDAwMDAwMDAwLCJkZWxldGUiOjE4MDAwMDAwMDAwMDAsInJlYWQiOjMwMDAwMDAwMDAwMCwidXBkYXRlIjoxODAwMDAwMDAwMDAwfSwic2NoZW1hX3ZlcnNpb24iOiIxIn0="
        }
      ]
    },
    {
      "mode": "managed",
      "type": "azurerm_cosmosdb_sql_database",
      "name": "res-4",
      "provider": "provider[\"registry.terraform.io/hashicorp/azurerm\"]",
      "instances": [
        {
          "schema_version": 1,
          "attributes": {
            "account_name": "cdb-crckb",
            "autoscale_settings": [],
            "id": "/subscriptions/17b273e9-f3d7-4d23-af84-4eded7c2b5d8/resourceGroups/rg-cloudresumechallenge-001/providers/Microsoft.DocumentDB/databaseAccounts/cdb-crckb/sqlDatabases/AzureResume",
            "name": "AzureResume",
            "resource_group_name": "rg-cloudresumechallenge-001",
            "throughput": null,
            "timeouts": null
          },
          "sensitive_attributes": [],
          "private": "eyJlMmJmYjczMC1lY2FhLTExZTYtOGY4OC0zNDM2M2JjN2M0YzAiOnsiY3JlYXRlIjoxODAwMDAwMDAwMDAwLCJkZWxldGUiOjE4MDAwMDAwMDAwMDAsInJlYWQiOjMwMDAwMDAwMDAwMCwidXBkYXRlIjoxODAwMDAwMDAwMDAwfSwic2NoZW1hX3ZlcnNpb24iOiIxIn0="
        }
      ]
    },
    {
      "mode": "managed",
      "type": "azurerm_cosmosdb_sql_role_definition",
      "name": "res-6",
      "provider": "provider[\"registry.terraform.io/hashicorp/azurerm\"]",
      "instances": [
        {
          "schema_version": 0,
          "attributes": {
            "account_name": "cdb-crckb",
            "assignable_scopes": [
              "/subscriptions/17b273e9-f3d7-4d23-af84-4eded7c2b5d8/resourceGroups/rg-cloudresumechallenge-001/providers/Microsoft.DocumentDB/databaseAccounts/cdb-crckb"
            ],
            "id": "/subscriptions/17b273e9-f3d7-4d23-af84-4eded7c2b5d8/resourceGroups/rg-cloudresumechallenge-001/providers/Microsoft.DocumentDB/databaseAccounts/cdb-crckb/sqlRoleDefinitions/00000000-0000-0000-0000-000000000001",
            "name": "Cosmos DB Built-in Data Reader",
            "permissions": [
              {
                "data_actions": [
                  "Microsoft.DocumentDB/databaseAccounts/readMetadata",
                  "Microsoft.DocumentDB/databaseAccounts/sqlDatabases/containers/executeQuery",
                  "Microsoft.DocumentDB/databaseAccounts/sqlDatabases/containers/items/read",
                  "Microsoft.DocumentDB/databaseAccounts/sqlDatabases/containers/readChangeFeed"
                ]
              }
            ],
            "resource_group_name": "rg-cloudresumechallenge-001",
            "role_definition_id": "00000000-0000-0000-0000-000000000001",
            "timeouts": null,
            "type": "BuiltInRole"
          },
          "sensitive_attributes": [],
          "private": "eyJlMmJmYjczMC1lY2FhLTExZTYtOGY4OC0zNDM2M2JjN2M0YzAiOnsiY3JlYXRlIjoxODAwMDAwMDAwMDAwLCJkZWxldGUiOjE4MDAwMDAwMDAwMDAsInJlYWQiOjMwMDAwMDAwMDAwMCwidXBkYXRlIjoxODAwMDAwMDAwMDAwfSwic2NoZW1hX3ZlcnNpb24iOiIwIn0="
        }
      ]
    },
    {
      "mode": "managed",
      "type": "azurerm_cosmosdb_sql_role_definition",
      "name": "res-7",
      "provider": "provider[\"registry.terraform.io/hashicorp/azurerm\"]",
      "instances": [
        {
          "schema_version": 0,
          "attributes": {
            "account_name": "cdb-crckb",
            "assignable_scopes": [
              "/subscriptions/17b273e9-f3d7-4d23-af84-4eded7c2b5d8/resourceGroups/rg-cloudresumechallenge-001/providers/Microsoft.DocumentDB/databaseAccounts/cdb-crckb"
            ],
            "id": "/subscriptions/17b273e9-f3d7-4d23-af84-4eded7c2b5d8/resourceGroups/rg-cloudresumechallenge-001/providers/Microsoft.DocumentDB/databaseAccounts/cdb-crckb/sqlRoleDefinitions/00000000-0000-0000-0000-000000000002",
            "name": "Cosmos DB Built-in Data Contributor",
            "permissions": [
              {
                "data_actions": [
                  "Microsoft.DocumentDB/databaseAccounts/readMetadata",
                  "Microsoft.DocumentDB/databaseAccounts/sqlDatabases/containers/*",
                  "Microsoft.DocumentDB/databaseAccounts/sqlDatabases/containers/items/*"
                ]
              }
            ],
            "resource_group_name": "rg-cloudresumechallenge-001",
            "role_definition_id": "00000000-0000-0000-0000-000000000002",
            "timeouts": null,
            "type": "BuiltInRole"
          },
          "sensitive_attributes": [],
          "private": "eyJlMmJmYjczMC1lY2FhLTExZTYtOGY4OC0zNDM2M2JjN2M0YzAiOnsiY3JlYXRlIjoxODAwMDAwMDAwMDAwLCJkZWxldGUiOjE4MDAwMDAwMDAwMDAsInJlYWQiOjMwMDAwMDAwMDAwMCwidXBkYXRlIjoxODAwMDAwMDAwMDAwfSwic2NoZW1hX3ZlcnNpb24iOiIwIn0="
        }
      ]
    },
    {
      "mode": "managed",
      "type": "azurerm_function_app_function",
      "name": "res-28",
      "provider": "provider[\"registry.terraform.io/hashicorp/azurerm\"]",
      "instances": [
        {
          "schema_version": 0,
          "attributes": {
            "config_json": "{\"bindings\":[{\"authLevel\":\"FUNCTION\",\"direction\":\"IN\",\"name\":\"req\",\"route\":\"ResumeCounter\",\"type\":\"httpTrigger\"},{\"direction\":\"OUT\",\"name\":\"$return\",\"type\":\"http\"}],\"entryPoint\":\"ResumeCounter\",\"functionDirectory\":\"/home/site/wwwroot\",\"language\":\"python\",\"name\":\"ResumeCounter\",\"scriptFile\":\"function_app.py\"}",
            "config_url": "",
            "enabled": true,
            "file": [],
            "function_app_id": "/subscriptions/17b273e9-f3d7-4d23-af84-4eded7c2b5d8/resourceGroups/rg-cloudresumechallenge-001/providers/Microsoft.Web/sites/func-crc-kb",
            "id": "/subscriptions/17b273e9-f3d7-4d23-af84-4eded7c2b5d8/resourceGroups/rg-cloudresumechallenge-001/providers/Microsoft.Web/sites/func-crc-kb/functions/ResumeCounter",
            "invocation_url": "https://func-crc-kb.azurewebsites.net/api/resumecounter",
            "language": "",
            "name": "ResumeCounter",
            "script_root_path_url": "",
            "script_url": "https://func-crc-kb.azurewebsites.net/admin/vfs/home/site/wwwroot/function_app.py",
            "secrets_file_url": "",
            "test_data": "",
            "test_data_url": "https://func-crc-kb.azurewebsites.net/admin/vfs/tmp/FunctionsData/ResumeCounter.dat",
            "timeouts": null,
            "url": "https://func-crc-kb.azurewebsites.net/admin/functions/ResumeCounter"
          },
          "sensitive_attributes": [],
          "private": "eyJlMmJmYjczMC1lY2FhLTExZTYtOGY4OC0zNDM2M2JjN2M0YzAiOnsiY3JlYXRlIjoxODAwMDAwMDAwMDAwLCJkZWxldGUiOjMwMDAwMDAwMDAwMCwicmVhZCI6MzAwMDAwMDAwMDAwLCJ1cGRhdGUiOjE4MDAwMDAwMDAwMDB9LCJzY2hlbWFfdmVyc2lvbiI6IjAifQ=="
        }
      ]
    },
    {
      "mode": "managed",
      "type": "azurerm_linux_function_app",
      "name": "res-24",
      "provider": "provider[\"registry.terraform.io/hashicorp/azurerm\"]",
      "instances": [
        {
          "schema_version": 0,
          "attributes": {
            "app_settings": {
              "AzureWebJobsFeatureFlags": "EnableWorkerIndexing",
              "ENDPOINT": "https://cdb-crckb.documents.azure.com:443",
              "KEY": "kpy8rkRoixHHQXnnb9bKIf0Y5qM2bjvE7dY66Muhr2bUYrgaNVoef8fvvkI6w8SzjhQGGNXmNt0uACDbmPDafg=="
            },
            "auth_settings": [],
            "auth_settings_v2": [],
            "backup": [],
            "builtin_logging_enabled": false,
            "client_certificate_enabled": false,
            "client_certificate_exclusion_paths": "",
            "client_certificate_mode": "Required",
            "connection_string": [],
            "content_share_force_disabled": false,
            "custom_domain_verification_id": "8E45944A3ECCFD094AF9216FE1520B2415D065A73F9EA616CACBAB11CB9E2E11",
            "daily_memory_time_quota": 0,
            "default_hostname": "func-crc-kb.azurewebsites.net",
            "enabled": true,
            "functions_extension_version": "~4",
            "hosting_environment_id": "",
            "https_only": true,
            "id": "/subscriptions/17b273e9-f3d7-4d23-af84-4eded7c2b5d8/resourceGroups/rg-cloudresumechallenge-001/providers/Microsoft.Web/sites/func-crc-kb",
            "identity": [],
            "key_vault_reference_identity_id": "SystemAssigned",
            "kind": "functionapp,linux",
            "location": "switzerlandnorth",
            "name": "func-crc-kb",
            "outbound_ip_address_list": [
              "51.103.132.207",
              "51.103.132.61",
              "51.103.131.51",
              "51.103.132.65",
              "51.107.58.161"
            ],
            "outbound_ip_addresses": "51.103.132.207,51.103.132.61,51.103.131.51,51.103.132.65,51.107.58.161",
            "possible_outbound_ip_address_list": [
              "51.103.132.207",
              "51.103.132.61",
              "51.103.131.51",
              "51.103.132.65",
              "51.103.128.221",
              "51.103.131.179",
              "51.103.132.184",
              "51.103.132.243",
              "51.103.132.223",
              "20.250.129.154",
              "20.250.130.18",
              "20.250.130.165",
              "20.250.130.168",
              "20.250.130.175",
              "20.250.75.216",
              "20.250.129.196",
              "20.250.130.60",
              "20.250.131.84",
              "20.250.131.140",
              "20.250.131.174",
              "20.250.132.72",
              "51.107.58.161"
            ],
            "possible_outbound_ip_addresses": "51.103.132.207,51.103.132.61,51.103.131.51,51.103.132.65,51.103.128.221,51.103.131.179,51.103.132.184,51.103.132.243,51.103.132.223,20.250.129.154,20.250.130.18,20.250.130.165,20.250.130.168,20.250.130.175,20.250.75.216,20.250.129.196,20.250.130.60,20.250.131.84,20.250.131.140,20.250.131.174,20.250.132.72,51.107.58.161",
            "public_network_access_enabled": true,
            "resource_group_name": "rg-cloudresumechallenge-001",
            "service_plan_id": "/subscriptions/17b273e9-f3d7-4d23-af84-4eded7c2b5d8/resourceGroups/rg-cloudresumechallenge-001/providers/Microsoft.Web/serverfarms/ASP-rgcloudresumechallenge001-8676",
            "site_config": [
              {
                "always_on": false,
                "api_definition_url": "",
                "api_management_api_id": "",
                "app_command_line": "",
                "app_scale_limit": 200,
                "app_service_logs": [],
                "application_insights_connection_string": "",
                "application_insights_key": "",
                "application_stack": [
                  {
                    "docker": [],
                    "dotnet_version": "",
                    "java_version": "",
                    "node_version": "",
                    "powershell_core_version": "",
                    "python_version": "3.11",
                    "use_custom_runtime": false,
                    "use_dotnet_isolated_runtime": false
                  }
                ],
                "container_registry_managed_identity_client_id": "",
                "container_registry_use_managed_identity": false,
                "cors": [
                  {
                    "allowed_origins": [
                      "*"
                    ],
                    "support_credentials": false
                  }
                ],
                "default_documents": [
                  "Default.htm",
                  "Default.html",
                  "Default.asp",
                  "index.htm",
                  "index.html",
                  "iisstart.htm",
                  "default.aspx",
                  "index.php"
                ],
                "detailed_error_logging_enabled": false,
                "elastic_instance_minimum": 0,
                "ftps_state": "FtpsOnly",
                "health_check_eviction_time_in_min": 0,
                "health_check_path": "",
                "http2_enabled": false,
                "ip_restriction": [],
                "linux_fx_version": "PYTHON|3.11",
                "load_balancing_mode": "LeastRequests",
                "managed_pipeline_mode": "Integrated",
                "minimum_tls_version": "1.2",
                "pre_warmed_instance_count": 0,
                "remote_debugging_enabled": false,
                "remote_debugging_version": "VS2019",
                "runtime_scale_monitoring_enabled": false,
                "scm_ip_restriction": [],
                "scm_minimum_tls_version": "1.2",
                "scm_type": "None",
                "scm_use_main_ip_restriction": false,
                "use_32_bit_worker": false,
                "vnet_route_all_enabled": false,
                "websockets_enabled": false,
                "worker_count": 1
              }
            ],
            "site_credential": [
              {
                "name": "$func-crc-kb",
                "password": "eb6FYWPWrYtQ3ABX81nwX1s6NGurREi73tANvErgDXQ3wnQXFa4EyQBwh5yp"
              }
            ],
            "sticky_settings": [],
            "storage_account": [],
            "storage_account_access_key": "SUeBgpbXJ94NPINdPl06xuG7zf59f+Ckg4mb6zFUWkCTPwbPut0xxxqdipeb9hrTLLYJazEMHTZw+AStbwT7Sg==",
            "storage_account_name": "stfunccrckb",
            "storage_key_vault_secret_id": "",
            "storage_uses_managed_identity": false,
            "tags": {},
            "timeouts": null,
            "virtual_network_subnet_id": "",
            "zip_deploy_file": ""
          },
          "sensitive_attributes": [],
          "private": "eyJlMmJmYjczMC1lY2FhLTExZTYtOGY4OC0zNDM2M2JjN2M0YzAiOnsiY3JlYXRlIjoxODAwMDAwMDAwMDAwLCJkZWxldGUiOjE4MDAwMDAwMDAwMDAsInJlYWQiOjMwMDAwMDAwMDAwMCwidXBkYXRlIjoxODAwMDAwMDAwMDAwfSwic2NoZW1hX3ZlcnNpb24iOiIwIn0="
        }
      ]
    },
    {
      "mode": "managed",
      "type": "azurerm_resource_group",
      "name": "res-0",
      "provider": "provider[\"registry.terraform.io/hashicorp/azurerm\"]",
      "instances": [
        {
          "schema_version": 0,
          "attributes": {
            "id": "/subscriptions/17b273e9-f3d7-4d23-af84-4eded7c2b5d8/resourceGroups/rg-cloudresumechallenge-001",
            "location": "switzerlandnorth",
            "managed_by": "",
            "name": "rg-cloudresumechallenge-001",
            "tags": {},
            "timeouts": null
          },
          "sensitive_attributes": [],
          "private": "eyJlMmJmYjczMC1lY2FhLTExZTYtOGY4OC0zNDM2M2JjN2M0YzAiOnsiY3JlYXRlIjo1NDAwMDAwMDAwMDAwLCJkZWxldGUiOjU0MDAwMDAwMDAwMDAsInJlYWQiOjMwMDAwMDAwMDAwMCwidXBkYXRlIjo1NDAwMDAwMDAwMDAwfSwic2NoZW1hX3ZlcnNpb24iOiIwIn0="
        }
      ]
    },
    {
      "mode": "managed",
      "type": "azurerm_service_plan",
      "name": "res-23",
      "provider": "provider[\"registry.terraform.io/hashicorp/azurerm\"]",
      "instances": [
        {
          "schema_version": 0,
          "attributes": {
            "app_service_environment_id": "",
            "id": "/subscriptions/17b273e9-f3d7-4d23-af84-4eded7c2b5d8/resourceGroups/rg-cloudresumechallenge-001/providers/Microsoft.Web/serverfarms/ASP-rgcloudresumechallenge001-8676",
            "kind": "functionapp",
            "location": "switzerlandnorth",
            "maximum_elastic_worker_count": 1,
            "name": "ASP-rgcloudresumechallenge001-8676",
            "os_type": "Linux",
            "per_site_scaling_enabled": false,
            "reserved": true,
            "resource_group_name": "rg-cloudresumechallenge-001",
            "sku_name": "Y1",
            "tags": {},
            "timeouts": null,
            "worker_count": 0,
            "zone_balancing_enabled": false
          },
          "sensitive_attributes": [],
          "private": "eyJlMmJmYjczMC1lY2FhLTExZTYtOGY4OC0zNDM2M2JjN2M0YzAiOnsiY3JlYXRlIjozNjAwMDAwMDAwMDAwLCJkZWxldGUiOjM2MDAwMDAwMDAwMDAsInJlYWQiOjMwMDAwMDAwMDAwMCwidXBkYXRlIjozNjAwMDAwMDAwMDAwfSwic2NoZW1hX3ZlcnNpb24iOiIwIn0="
        }
      ]
    },
    {
      "mode": "managed",
      "type": "azurerm_storage_account",
      "name": "res-14",
      "provider": "provider[\"registry.terraform.io/hashicorp/azurerm\"]",
      "instances": [
        {
          "schema_version": 4,
          "attributes": {
            "access_tier": "",
            "account_kind": "Storage",
            "account_replication_type": "LRS",
            "account_tier": "Standard",
            "allow_nested_items_to_be_public": false,
            "allowed_copy_scope": "",
            "azure_files_authentication": [],
            "blob_properties": [
              {
                "change_feed_enabled": false,
                "change_feed_retention_in_days": 0,
                "container_delete_retention_policy": [],
                "cors_rule": [],
                "default_service_version": "",
                "delete_retention_policy": [],
                "last_access_time_enabled": false,
                "restore_policy": [],
                "versioning_enabled": false
              }
            ],
            "cross_tenant_replication_enabled": false,
            "custom_domain": [],
            "customer_managed_key": [],
            "default_to_oauth_authentication": true,
            "edge_zone": "",
            "enable_https_traffic_only": true,
            "id": "/subscriptions/17b273e9-f3d7-4d23-af84-4eded7c2b5d8/resourceGroups/rg-cloudresumechallenge-001/providers/Microsoft.Storage/storageAccounts/stfunccrckb",
            "identity": [],
            "immutability_policy": [],
            "infrastructure_encryption_enabled": false,
            "is_hns_enabled": false,
            "large_file_share_enabled": null,
            "location": "switzerlandnorth",
            "min_tls_version": "TLS1_2",
            "name": "stfunccrckb",
            "network_rules": [
              {
                "bypass": [
                  "AzureServices"
                ],
                "default_action": "Allow",
                "ip_rules": [],
                "private_link_access": [],
                "virtual_network_subnet_ids": []
              }
            ],
            "nfsv3_enabled": false,
            "primary_access_key": "SUeBgpbXJ94NPINdPl06xuG7zf59f+Ckg4mb6zFUWkCTPwbPut0xxxqdipeb9hrTLLYJazEMHTZw+AStbwT7Sg==",
            "primary_blob_connection_string": "DefaultEndpointsProtocol=https;BlobEndpoint=https://stfunccrckb.blob.core.windows.net/;AccountName=stfunccrckb;AccountKey=SUeBgpbXJ94NPINdPl06xuG7zf59f+Ckg4mb6zFUWkCTPwbPut0xxxqdipeb9hrTLLYJazEMHTZw+AStbwT7Sg==",
            "primary_blob_endpoint": "https://stfunccrckb.blob.core.windows.net/",
            "primary_blob_host": "stfunccrckb.blob.core.windows.net",
            "primary_connection_string": "DefaultEndpointsProtocol=https;AccountName=stfunccrckb;AccountKey=SUeBgpbXJ94NPINdPl06xuG7zf59f+Ckg4mb6zFUWkCTPwbPut0xxxqdipeb9hrTLLYJazEMHTZw+AStbwT7Sg==;EndpointSuffix=core.windows.net",
            "primary_dfs_endpoint": "",
            "primary_dfs_host": "",
            "primary_file_endpoint": "https://stfunccrckb.file.core.windows.net/",
            "primary_file_host": "stfunccrckb.file.core.windows.net",
            "primary_location": "switzerlandnorth",
            "primary_queue_endpoint": "https://stfunccrckb.queue.core.windows.net/",
            "primary_queue_host": "stfunccrckb.queue.core.windows.net",
            "primary_table_endpoint": "https://stfunccrckb.table.core.windows.net/",
            "primary_table_host": "stfunccrckb.table.core.windows.net",
            "primary_web_endpoint": "",
            "primary_web_host": "",
            "public_network_access_enabled": true,
            "queue_encryption_key_type": "Service",
            "queue_properties": [],
            "resource_group_name": "rg-cloudresumechallenge-001",
            "routing": [],
            "sas_policy": [],
            "secondary_access_key": "p6V09aLSJm+Z4XgPFYj98m8TFkQO6LF/XE3T9mGZyBgKmj84E0hva58cmPGLktrEGTA79WH2UMOd+AStYrIZ2A==",
            "secondary_blob_connection_string": "",
            "secondary_blob_endpoint": null,
            "secondary_blob_host": null,
            "secondary_connection_string": "DefaultEndpointsProtocol=https;AccountName=stfunccrckb;AccountKey=p6V09aLSJm+Z4XgPFYj98m8TFkQO6LF/XE3T9mGZyBgKmj84E0hva58cmPGLktrEGTA79WH2UMOd+AStYrIZ2A==;EndpointSuffix=core.windows.net",
            "secondary_dfs_endpoint": null,
            "secondary_dfs_host": null,
            "secondary_file_endpoint": null,
            "secondary_file_host": null,
            "secondary_location": "",
            "secondary_queue_endpoint": null,
            "secondary_queue_host": null,
            "secondary_table_endpoint": null,
            "secondary_table_host": null,
            "secondary_web_endpoint": null,
            "secondary_web_host": null,
            "sftp_enabled": false,
            "share_properties": [],
            "shared_access_key_enabled": true,
            "static_website": [],
            "table_encryption_key_type": "Service",
            "tags": {},
            "timeouts": null
          },
          "sensitive_attributes": [],
          "private": "eyJlMmJmYjczMC1lY2FhLTExZTYtOGY4OC0zNDM2M2JjN2M0YzAiOnsiY3JlYXRlIjozNjAwMDAwMDAwMDAwLCJkZWxldGUiOjM2MDAwMDAwMDAwMDAsInJlYWQiOjMwMDAwMDAwMDAwMCwidXBkYXRlIjozNjAwMDAwMDAwMDAwfSwic2NoZW1hX3ZlcnNpb24iOiI0In0="
        }
      ]
    },
    {
      "mode": "managed",
      "type": "azurerm_storage_account",
      "name": "res-8",
      "provider": "provider[\"registry.terraform.io/hashicorp/azurerm\"]",
      "instances": [
        {
          "schema_version": 4,
          "attributes": {
            "access_tier": "Hot",
            "account_kind": "StorageV2",
            "account_replication_type": "LRS",
            "account_tier": "Standard",
            "allow_nested_items_to_be_public": true,
            "allowed_copy_scope": "",
            "azure_files_authentication": [],
            "blob_properties": [
              {
                "change_feed_enabled": false,
                "change_feed_retention_in_days": 0,
                "container_delete_retention_policy": [
                  {
                    "days": 7
                  }
                ],
                "cors_rule": [],
                "default_service_version": "",
                "delete_retention_policy": [
                  {
                    "days": 7
                  }
                ],
                "last_access_time_enabled": false,
                "restore_policy": [],
                "versioning_enabled": false
              }
            ],
            "cross_tenant_replication_enabled": true,
            "custom_domain": [],
            "customer_managed_key": [],
            "default_to_oauth_authentication": false,
            "edge_zone": "",
            "enable_https_traffic_only": true,
            "id": "/subscriptions/17b273e9-f3d7-4d23-af84-4eded7c2b5d8/resourceGroups/rg-cloudresumechallenge-001/providers/Microsoft.Storage/storageAccounts/stcloudresumechallenge",
            "identity": [],
            "immutability_policy": [],
            "infrastructure_encryption_enabled": false,
            "is_hns_enabled": false,
            "large_file_share_enabled": null,
            "location": "switzerlandnorth",
            "min_tls_version": "TLS1_2",
            "name": "stcloudresumechallenge",
            "network_rules": [
              {
                "bypass": [
                  "AzureServices"
                ],
                "default_action": "Allow",
                "ip_rules": [],
                "private_link_access": [],
                "virtual_network_subnet_ids": []
              }
            ],
            "nfsv3_enabled": false,
            "primary_access_key": "0pBa4aHVr8e7C7yAnwkbVcmsQlVutabOIwPDNh8mv//oOPEaO6H77Q1cjeW3ioC8ih/2BVxoJ0qo+AStOIMWiw==",
            "primary_blob_connection_string": "DefaultEndpointsProtocol=https;BlobEndpoint=https://stcloudresumechallenge.blob.core.windows.net/;AccountName=stcloudresumechallenge;AccountKey=0pBa4aHVr8e7C7yAnwkbVcmsQlVutabOIwPDNh8mv//oOPEaO6H77Q1cjeW3ioC8ih/2BVxoJ0qo+AStOIMWiw==",
            "primary_blob_endpoint": "https://stcloudresumechallenge.blob.core.windows.net/",
            "primary_blob_host": "stcloudresumechallenge.blob.core.windows.net",
            "primary_connection_string": "DefaultEndpointsProtocol=https;AccountName=stcloudresumechallenge;AccountKey=0pBa4aHVr8e7C7yAnwkbVcmsQlVutabOIwPDNh8mv//oOPEaO6H77Q1cjeW3ioC8ih/2BVxoJ0qo+AStOIMWiw==;EndpointSuffix=core.windows.net",
            "primary_dfs_endpoint": "https://stcloudresumechallenge.dfs.core.windows.net/",
            "primary_dfs_host": "stcloudresumechallenge.dfs.core.windows.net",
            "primary_file_endpoint": "https://stcloudresumechallenge.file.core.windows.net/",
            "primary_file_host": "stcloudresumechallenge.file.core.windows.net",
            "primary_location": "switzerlandnorth",
            "primary_queue_endpoint": "https://stcloudresumechallenge.queue.core.windows.net/",
            "primary_queue_host": "stcloudresumechallenge.queue.core.windows.net",
            "primary_table_endpoint": "https://stcloudresumechallenge.table.core.windows.net/",
            "primary_table_host": "stcloudresumechallenge.table.core.windows.net",
            "primary_web_endpoint": "https://stcloudresumechallenge.z1.web.core.windows.net/",
            "primary_web_host": "stcloudresumechallenge.z1.web.core.windows.net",
            "public_network_access_enabled": true,
            "queue_encryption_key_type": "Service",
            "queue_properties": [
              {
                "cors_rule": [],
                "hour_metrics": [
                  {
                    "enabled": true,
                    "include_apis": true,
                    "retention_policy_days": 7,
                    "version": "1.0"
                  }
                ],
                "logging": [
                  {
                    "delete": false,
                    "read": false,
                    "retention_policy_days": 0,
                    "version": "1.0",
                    "write": false
                  }
                ],
                "minute_metrics": [
                  {
                    "enabled": false,
                    "include_apis": false,
                    "retention_policy_days": 0,
                    "version": "1.0"
                  }
                ]
              }
            ],
            "resource_group_name": "rg-cloudresumechallenge-001",
            "routing": [],
            "sas_policy": [],
            "secondary_access_key": "I83VoezJDmI6PxjkUX2Kp40oe/fIgU6ojL5BNLGwvlUOOnK1O2nj+5HOrtuy1UeziLnQYYxKz4yj+AStdvfR0Q==",
            "secondary_blob_connection_string": "",
            "secondary_blob_endpoint": null,
            "secondary_blob_host": null,
            "secondary_connection_string": "DefaultEndpointsProtocol=https;AccountName=stcloudresumechallenge;AccountKey=I83VoezJDmI6PxjkUX2Kp40oe/fIgU6ojL5BNLGwvlUOOnK1O2nj+5HOrtuy1UeziLnQYYxKz4yj+AStdvfR0Q==;EndpointSuffix=core.windows.net",
            "secondary_dfs_endpoint": null,
            "secondary_dfs_host": null,
            "secondary_file_endpoint": null,
            "secondary_file_host": null,
            "secondary_location": "",
            "secondary_queue_endpoint": null,
            "secondary_queue_host": null,
            "secondary_table_endpoint": null,
            "secondary_table_host": null,
            "secondary_web_endpoint": null,
            "secondary_web_host": null,
            "sftp_enabled": false,
            "share_properties": [
              {
                "cors_rule": [],
                "retention_policy": [
                  {
                    "days": 7
                  }
                ],
                "smb": []
              }
            ],
            "shared_access_key_enabled": true,
            "static_website": [
              {
                "error_404_document": "srt-resume.html",
                "index_document": "srt-resume.html"
              }
            ],
            "table_encryption_key_type": "Service",
            "tags": {},
            "timeouts": null
          },
          "sensitive_attributes": [],
          "private": "eyJlMmJmYjczMC1lY2FhLTExZTYtOGY4OC0zNDM2M2JjN2M0YzAiOnsiY3JlYXRlIjozNjAwMDAwMDAwMDAwLCJkZWxldGUiOjM2MDAwMDAwMDAwMDAsInJlYWQiOjMwMDAwMDAwMDAwMCwidXBkYXRlIjozNjAwMDAwMDAwMDAwfSwic2NoZW1hX3ZlcnNpb24iOiI0In0="
        }
      ]
    },
    {
      "mode": "managed",
      "type": "azurerm_storage_container",
      "name": "res-10",
      "provider": "provider[\"registry.terraform.io/hashicorp/azurerm\"]",
      "instances": [
        {
          "schema_version": 1,
          "attributes": {
            "container_access_type": "private",
            "has_immutability_policy": false,
            "has_legal_hold": false,
            "id": "https://stcloudresumechallenge.blob.core.windows.net/$web",
            "metadata": {},
            "name": "$web",
            "resource_manager_id": "/subscriptions/17b273e9-f3d7-4d23-af84-4eded7c2b5d8/resourceGroups/rg-cloudresumechallenge-001/providers/Microsoft.Storage/storageAccounts/stcloudresumechallenge/blobServices/default/containers/$web",
            "storage_account_name": "stcloudresumechallenge",
            "timeouts": null
          },
          "sensitive_attributes": [],
          "private": "eyJlMmJmYjczMC1lY2FhLTExZTYtOGY4OC0zNDM2M2JjN2M0YzAiOnsiY3JlYXRlIjoxODAwMDAwMDAwMDAwLCJkZWxldGUiOjE4MDAwMDAwMDAwMDAsInJlYWQiOjMwMDAwMDAwMDAwMCwidXBkYXRlIjoxODAwMDAwMDAwMDAwfSwic2NoZW1hX3ZlcnNpb24iOiIxIn0="
        }
      ]
    },
    {
      "mode": "managed",
      "type": "azurerm_storage_container",
      "name": "res-16",
      "provider": "provider[\"registry.terraform.io/hashicorp/azurerm\"]",
      "instances": [
        {
          "schema_version": 1,
          "attributes": {
            "container_access_type": "private",
            "has_immutability_policy": false,
            "has_legal_hold": false,
            "id": "https://stfunccrckb.blob.core.windows.net/azure-webjobs-hosts",
            "metadata": {},
            "name": "azure-webjobs-hosts",
            "resource_manager_id": "/subscriptions/17b273e9-f3d7-4d23-af84-4eded7c2b5d8/resourceGroups/rg-cloudresumechallenge-001/providers/Microsoft.Storage/storageAccounts/stfunccrckb/blobServices/default/containers/azure-webjobs-hosts",
            "storage_account_name": "stfunccrckb",
            "timeouts": null
          },
          "sensitive_attributes": [],
          "private": "eyJlMmJmYjczMC1lY2FhLTExZTYtOGY4OC0zNDM2M2JjN2M0YzAiOnsiY3JlYXRlIjoxODAwMDAwMDAwMDAwLCJkZWxldGUiOjE4MDAwMDAwMDAwMDAsInJlYWQiOjMwMDAwMDAwMDAwMCwidXBkYXRlIjoxODAwMDAwMDAwMDAwfSwic2NoZW1hX3ZlcnNpb24iOiIxIn0="
        }
      ]
    },
    {
      "mode": "managed",
      "type": "azurerm_storage_container",
      "name": "res-17",
      "provider": "provider[\"registry.terraform.io/hashicorp/azurerm\"]",
      "instances": [
        {
          "schema_version": 1,
          "attributes": {
            "container_access_type": "private",
            "has_immutability_policy": false,
            "has_legal_hold": false,
            "id": "https://stfunccrckb.blob.core.windows.net/azure-webjobs-secrets",
            "metadata": {},
            "name": "azure-webjobs-secrets",
            "resource_manager_id": "/subscriptions/17b273e9-f3d7-4d23-af84-4eded7c2b5d8/resourceGroups/rg-cloudresumechallenge-001/providers/Microsoft.Storage/storageAccounts/stfunccrckb/blobServices/default/containers/azure-webjobs-secrets",
            "storage_account_name": "stfunccrckb",
            "timeouts": null
          },
          "sensitive_attributes": [],
          "private": "eyJlMmJmYjczMC1lY2FhLTExZTYtOGY4OC0zNDM2M2JjN2M0YzAiOnsiY3JlYXRlIjoxODAwMDAwMDAwMDAwLCJkZWxldGUiOjE4MDAwMDAwMDAwMDAsInJlYWQiOjMwMDAwMDAwMDAwMCwidXBkYXRlIjoxODAwMDAwMDAwMDAwfSwic2NoZW1hX3ZlcnNpb24iOiIxIn0="
        }
      ]
    },
    {
      "mode": "managed",
      "type": "azurerm_storage_container",
      "name": "res-18",
      "provider": "provider[\"registry.terraform.io/hashicorp/azurerm\"]",
      "instances": [
        {
          "schema_version": 1,
          "attributes": {
            "container_access_type": "private",
            "has_immutability_policy": false,
            "has_legal_hold": false,
            "id": "https://stfunccrckb.blob.core.windows.net/scm-releases",
            "metadata": {},
            "name": "scm-releases",
            "resource_manager_id": "/subscriptions/17b273e9-f3d7-4d23-af84-4eded7c2b5d8/resourceGroups/rg-cloudresumechallenge-001/providers/Microsoft.Storage/storageAccounts/stfunccrckb/blobServices/default/containers/scm-releases",
            "storage_account_name": "stfunccrckb",
            "timeouts": null
          },
          "sensitive_attributes": [],
          "private": "eyJlMmJmYjczMC1lY2FhLTExZTYtOGY4OC0zNDM2M2JjN2M0YzAiOnsiY3JlYXRlIjoxODAwMDAwMDAwMDAwLCJkZWxldGUiOjE4MDAwMDAwMDAwMDAsInJlYWQiOjMwMDAwMDAwMDAwMCwidXBkYXRlIjoxODAwMDAwMDAwMDAwfSwic2NoZW1hX3ZlcnNpb24iOiIxIn0="
        }
      ]
    },
    {
      "mode": "managed",
      "type": "azurerm_storage_share",
      "name": "res-20",
      "provider": "provider[\"registry.terraform.io/hashicorp/azurerm\"]",
      "instances": [
        {
          "schema_version": 2,
          "attributes": {
            "access_tier": "",
            "acl": [],
            "enabled_protocol": "SMB",
            "id": "https://stfunccrckb.file.core.windows.net/func-crc-kb9e85",
            "metadata": {},
            "name": "func-crc-kb9e85",
            "quota": 5120,
            "resource_manager_id": "/subscriptions/17b273e9-f3d7-4d23-af84-4eded7c2b5d8/resourceGroups/rg-cloudresumechallenge-001/providers/Microsoft.Storage/storageAccounts/stfunccrckb/fileServices/default/fileshares/func-crc-kb9e85",
            "storage_account_name": "stfunccrckb",
            "timeouts": null,
            "url": "https://stfunccrckb.file.core.windows.net/func-crc-kb9e85"
          },
          "sensitive_attributes": [],
          "private": "eyJlMmJmYjczMC1lY2FhLTExZTYtOGY4OC0zNDM2M2JjN2M0YzAiOnsiY3JlYXRlIjoxODAwMDAwMDAwMDAwLCJkZWxldGUiOjE4MDAwMDAwMDAwMDAsInJlYWQiOjMwMDAwMDAwMDAwMCwidXBkYXRlIjoxODAwMDAwMDAwMDAwfSwic2NoZW1hX3ZlcnNpb24iOiIyIn0="
        }
      ]
    }
  ]
}
